
Microsoft Visual Studio Solution File, Format Version 12.00
# Visual Studio 15
VisualStudioVersion = 15.0.25807.0
MinimumVisualStudioVersion = 10.0.40219.1
Project("{2150E333-8FDC-42A3-9474-1A3956D46DE8}") = "Engine", "Engine", "{113637F4-025B-4781-9030-A6F24D2C859D}"
EndProject
Project("{2150E333-8FDC-42A3-9474-1A3956D46DE8}") = "Games", "Games", "{2B52FD42-DADD-4202-A0FB-5D1A0397BB39}"
EndProject
Project("{8BC9CEB8-8B4A-11D0-8D11-00A0C91BC942}") = "UE4", "Intermediate\ProjectFiles\UE4.vcxproj", "{9B3752F2-361B-4CE6-BA71-D722EE56CEA9}"
EndProject
Project("{8BC9CEB8-8B4A-11D0-8D11-00A0C91BC942}") = "BuildingEscape", "Intermediate\ProjectFiles\BuildingEscape.vcxproj", "{FF32A8CD-71DF-42CD-B7C0-B280BCB3BB01}"
EndProject
Project("{2150E333-8FDC-42A3-9474-1A3956D46DE8}") = "Visualizers", "Visualizers", "{22DE6E60-CCA2-451E-92BA-DA31730559AE}"
	ProjectSection(SolutionItems) = preProject
		D:\Epic Games\UE_4.21\Engine\Extras\VisualStudioDebugging\UE4.natvis = D:\Epic Games\UE_4.21\Engine\Extras\VisualStudioDebugging\UE4.natvis
	EndProjectSection
EndProject
Global
	GlobalSection(SolutionConfigurationPlatforms) = preSolution
		DebugGame Editor|HTML5 = DebugGame Editor|HTML5
		DebugGame Editor|IOS = DebugGame Editor|IOS
		DebugGame Editor|Win32 = DebugGame Editor|Win32
		DebugGame Editor|Win64 = DebugGame Editor|Win64
		DebugGame|HTML5 = DebugGame|HTML5
		DebugGame|IOS = DebugGame|IOS
		DebugGame|Win32 = DebugGame|Win32
		DebugGame|Win64 = DebugGame|Win64
		Development Editor|HTML5 = Development Editor|HTML5
		Development Editor|IOS = Development Editor|IOS
		Development Editor|Win32 = Development Editor|Win32
		Development Editor|Win64 = Development Editor|Win64
		Development|HTML5 = Development|HTML5
		Development|IOS = Development|IOS
		Development|Win32 = Development|Win32
		Development|Win64 = Development|Win64
		Shipping|HTML5 = Shipping|HTML5
		Shipping|IOS = Shipping|IOS
		Shipping|Win32 = Shipping|Win32
		Shipping|Win64 = Shipping|Win64
	EndGlobalSection
	GlobalSection(ProjectConfigurationPlatforms) = postSolution
		{9B3752F2-361B-4CE6-BA71-D722EE56CEA9}.DebugGame Editor|HTML5.ActiveCfg = BuiltWithUnrealBuildTool|Win32
		{9B3752F2-361B-4CE6-BA71-D722EE56CEA9}.DebugGame Editor|IOS.ActiveCfg = BuiltWithUnrealBuildTool|Win32
		{9B3752F2-361B-4CE6-BA71-D722EE56CEA9}.DebugGame Editor|Win32.ActiveCfg = BuiltWithUnrealBuildTool|Win32
		{9B3752F2-361B-4CE6-BA71-D722EE56CEA9}.DebugGame Editor|Win64.ActiveCfg = BuiltWithUnrealBuildTool|Win32
		{9B3752F2-361B-4CE6-BA71-D722EE56CEA9}.DebugGame|HTML5.ActiveCfg = BuiltWithUnrealBuildTool|Win32
		{9B3752F2-361B-4CE6-BA71-D722EE56CEA9}.DebugGame|IOS.ActiveCfg = BuiltWithUnrealBuildTool|Win32
		{9B3752F2-361B-4CE6-BA71-D722EE56CEA9}.DebugGame|Win32.ActiveCfg = BuiltWithUnrealBuildTool|Win32
		{9B3752F2-361B-4CE6-BA71-D722EE56CEA9}.DebugGame|Win64.ActiveCfg = BuiltWithUnrealBuildTool|Win32
		{9B3752F2-361B-4CE6-BA71-D722EE56CEA9}.Development Editor|HTML5.ActiveCfg = BuiltWithUnrealBuildTool|Win32
		{9B3752F2-361B-4CE6-BA71-D722EE56CEA9}.Development Editor|IOS.ActiveCfg = BuiltWithUnrealBuildTool|Win32
		{9B3752F2-361B-4CE6-BA71-D722EE56CEA9}.Development Editor|Win32.ActiveCfg = BuiltWithUnrealBuildTool|Win32
		{9B3752F2-361B-4CE6-BA71-D722EE56CEA9}.Development Editor|Win64.ActiveCfg = BuiltWithUnrealBuildTool|Win32
		{9B3752F2-361B-4CE6-BA71-D722EE56CEA9}.Development|HTML5.ActiveCfg = BuiltWithUnrealBuildTool|Win32
		{9B3752F2-361B-4CE6-BA71-D722EE56CEA9}.Development|IOS.ActiveCfg = BuiltWithUnrealBuildTool|Win32
		{9B3752F2-361B-4CE6-BA71-D722EE56CEA9}.Development|Win32.ActiveCfg = BuiltWithUnrealBuildTool|Win32
		{9B3752F2-361B-4CE6-BA71-D722EE56CEA9}.Development|Win64.ActiveCfg = BuiltWithUnrealBuildTool|Win32
		{9B3752F2-361B-4CE6-BA71-D722EE56CEA9}.Shipping|HTML5.ActiveCfg = BuiltWithUnrealBuildTool|Win32
		{9B3752F2-361B-4CE6-BA71-D722EE56CEA9}.Shipping|IOS.ActiveCfg = BuiltWithUnrealBuildTool|Win32
		{9B3752F2-361B-4CE6-BA71-D722EE56CEA9}.Shipping|Win32.ActiveCfg = BuiltWithUnrealBuildTool|Win32
		{9B3752F2-361B-4CE6-BA71-D722EE56CEA9}.Shipping|Win64.ActiveCfg = BuiltWithUnrealBuildTool|Win32
		{FF32A8CD-71DF-42CD-B7C0-B280BCB3BB01}.DebugGame Editor|HTML5.ActiveCfg = Invalid|Win32
		{FF32A8CD-71DF-42CD-B7C0-B280BCB3BB01}.DebugGame Editor|IOS.ActiveCfg = Invalid|Win32
		{FF32A8CD-71DF-42CD-B7C0-B280BCB3BB01}.DebugGame Editor|Win32.ActiveCfg = Invalid|Win32
		{FF32A8CD-71DF-42CD-B7C0-B280BCB3BB01}.DebugGame Editor|Win64.ActiveCfg = DebugGame_Editor|x64
		{FF32A8CD-71DF-42CD-B7C0-B280BCB3BB01}.DebugGame Editor|Win64.Build.0 = DebugGame_Editor|x64
		{FF32A8CD-71DF-42CD-B7C0-B280BCB3BB01}.DebugGame|HTML5.ActiveCfg = HTML5_DebugGame|Win32
		{FF32A8CD-71DF-42CD-B7C0-B280BCB3BB01}.DebugGame|HTML5.Build.0 = HTML5_DebugGame|Win32
		{FF32A8CD-71DF-42CD-B7C0-B280BCB3BB01}.DebugGame|IOS.ActiveCfg = IOS_DebugGame|Win32
		{FF32A8CD-71DF-42CD-B7C0-B280BCB3BB01}.DebugGame|IOS.Build.0 = IOS_DebugGame|Win32
		{FF32A8CD-71DF-42CD-B7C0-B280BCB3BB01}.DebugGame|Win32.ActiveCfg = DebugGame|Win32
		{FF32A8CD-71DF-42CD-B7C0-B280BCB3BB01}.DebugGame|Win32.Build.0 = DebugGame|Win32
		{FF32A8CD-71DF-42CD-B7C0-B280BCB3BB01}.DebugGame|Win64.ActiveCfg = DebugGame|x64
		{FF32A8CD-71DF-42CD-B7C0-B280BCB3BB01}.DebugGame|Win64.Build.0 = DebugGame|x64
		{FF32A8CD-71DF-42CD-B7C0-B280BCB3BB01}.Development Editor|HTML5.ActiveCfg = Invalid|Win32
		{FF32A8CD-71DF-42CD-B7C0-B280BCB3BB01}.Development Editor|IOS.ActiveCfg = Invalid|Win32
		{FF32A8CD-71DF-42CD-B7C0-B280BCB3BB01}.Development Editor|Win32.ActiveCfg = Invalid|Win32
		{FF32A8CD-71DF-42CD-B7C0-B280BCB3BB01}.Development Editor|Win64.ActiveCfg = Development_Editor|x64
		{FF32A8CD-71DF-42CD-B7C0-B280BCB3BB01}.Development Editor|Win64.Build.0 = Development_Editor|x64
		{FF32A8CD-71DF-42CD-B7C0-B280BCB3BB01}.Development|HTML5.ActiveCfg = HTML5_Development|Win32
		{FF32A8CD-71DF-42CD-B7C0-B280BCB3BB01}.Development|HTML5.Build.0 = HTML5_Development|Win32
		{FF32A8CD-71DF-42CD-B7C0-B280BCB3BB01}.Development|IOS.ActiveCfg = IOS_Development|Win32
		{FF32A8CD-71DF-42CD-B7C0-B280BCB3BB01}.Development|IOS.Build.0 = IOS_Development|Win32
		{FF32A8CD-71DF-42CD-B7C0-B280BCB3BB01}.Development|Win32.ActiveCfg = Development|Win32
		{FF32A8CD-71DF-42CD-B7C0-B280BCB3BB01}.Development|Win32.Build.0 = Development|Win32
		{FF32A8CD-71DF-42CD-B7C0-B280BCB3BB01}.Development|Win64.ActiveCfg = Development|x64
		{FF32A8CD-71DF-42CD-B7C0-B280BCB3BB01}.Development|Win64.Build.0 = Development|x64
		{FF32A8CD-71DF-42CD-B7C0-B280BCB3BB01}.Shipping|HTML5.ActiveCfg = HTML5_Shipping|Win32
		{FF32A8CD-71DF-42CD-B7C0-B280BCB3BB01}.Shipping|HTML5.Build.0 = HTML5_Shipping|Win32
		{FF32A8CD-71DF-42CD-B7C0-B280BCB3BB01}.Shipping|IOS.ActiveCfg = IOS_Shipping|Win32
		{FF32A8CD-71DF-42CD-B7C0-B280BCB3BB01}.Shipping|IOS.Build.0 = IOS_Shipping|Win32
		{FF32A8CD-71DF-42CD-B7C0-B280BCB3BB01}.Shipping|Win32.ActiveCfg = Shipping|Win32
		{FF32A8CD-71DF-42CD-B7C0-B280BCB3BB01}.Shipping|Win32.Build.0 = Shipping|Win32
		{FF32A8CD-71DF-42CD-B7C0-B280BCB3BB01}.Shipping|Win64.ActiveCfg = Shipping|x64
		{FF32A8CD-71DF-42CD-B7C0-B280BCB3BB01}.Shipping|Win64.Build.0 = Shipping|x64
	EndGlobalSection
	GlobalSection(SolutionProperties) = preSolution
		HideSolutionNode = FALSE
	EndGlobalSection
	GlobalSection(NestedProjects) = preSolution
		{9B3752F2-361B-4CE6-BA71-D722EE56CEA9} = {113637F4-025B-4781-9030-A6F24D2C859D}
		{FF32A8CD-71DF-42CD-B7C0-B280BCB3BB01} = {2B52FD42-DADD-4202-A0FB-5D1A0397BB39}
	EndGlobalSection
EndGlobal
