
Microsoft Visual Studio Solution File, Format Version 12.00
# Visual Studio 15
VisualStudioVersion = 15.0.25807.0
MinimumVisualStudioVersion = 10.0.40219.1
Project("{2150E333-8FDC-42A3-9474-1A3956D46DE8}") = "Engine", "Engine", "{196F3883-09A8-4188-8569-7CA60CBBB133}"
EndProject
Project("{2150E333-8FDC-42A3-9474-1A3956D46DE8}") = "Games", "Games", "{0A6EFF61-6FAC-4DC7-8E1B-5282E14CC71E}"
EndProject
Project("{8BC9CEB8-8B4A-11D0-8D11-00A0C91BC942}") = "UE4", "Intermediate\ProjectFiles\UE4.vcxproj", "{81E6DF9C-9944-4868-892A-F523E6E91232}"
EndProject
Project("{8BC9CEB8-8B4A-11D0-8D11-00A0C91BC942}") = "BuildingEscape", "Intermediate\ProjectFiles\BuildingEscape.vcxproj", "{5E43F492-0A7D-456A-B4B9-0DB2E3F160D3}"
EndProject
Global
	GlobalSection(SolutionConfigurationPlatforms) = preSolution
		DebugGame Editor|HTML5 = DebugGame Editor|HTML5
		DebugGame Editor|IOS = DebugGame Editor|IOS
		DebugGame Editor|Win32 = DebugGame Editor|Win32
		DebugGame Editor|Win64 = DebugGame Editor|Win64
		DebugGame|HTML5 = DebugGame|HTML5
		DebugGame|IOS = DebugGame|IOS
		DebugGame|Win32 = DebugGame|Win32
		DebugGame|Win64 = DebugGame|Win64
		Development Editor|HTML5 = Development Editor|HTML5
		Development Editor|IOS = Development Editor|IOS
		Development Editor|Win32 = Development Editor|Win32
		Development Editor|Win64 = Development Editor|Win64
		Development|HTML5 = Development|HTML5
		Development|IOS = Development|IOS
		Development|Win32 = Development|Win32
		Development|Win64 = Development|Win64
		Shipping|HTML5 = Shipping|HTML5
		Shipping|IOS = Shipping|IOS
		Shipping|Win32 = Shipping|Win32
		Shipping|Win64 = Shipping|Win64
	EndGlobalSection
	GlobalSection(ProjectConfigurationPlatforms) = postSolution
		{81E6DF9C-9944-4868-892A-F523E6E91232}.DebugGame Editor|HTML5.ActiveCfg = BuiltWithUnrealBuildTool|Win32
		{81E6DF9C-9944-4868-892A-F523E6E91232}.DebugGame Editor|HTML5.Build.0 = BuiltWithUnrealBuildTool|Win32
		{81E6DF9C-9944-4868-892A-F523E6E91232}.DebugGame Editor|IOS.ActiveCfg = BuiltWithUnrealBuildTool|Win32
		{81E6DF9C-9944-4868-892A-F523E6E91232}.DebugGame Editor|IOS.Build.0 = BuiltWithUnrealBuildTool|Win32
		{81E6DF9C-9944-4868-892A-F523E6E91232}.DebugGame Editor|Win32.ActiveCfg = BuiltWithUnrealBuildTool|Win32
		{81E6DF9C-9944-4868-892A-F523E6E91232}.DebugGame Editor|Win32.Build.0 = BuiltWithUnrealBuildTool|Win32
		{81E6DF9C-9944-4868-892A-F523E6E91232}.DebugGame Editor|Win64.ActiveCfg = BuiltWithUnrealBuildTool|Win32
		{81E6DF9C-9944-4868-892A-F523E6E91232}.DebugGame Editor|Win64.Build.0 = BuiltWithUnrealBuildTool|Win32
		{81E6DF9C-9944-4868-892A-F523E6E91232}.DebugGame|HTML5.ActiveCfg = BuiltWithUnrealBuildTool|Win32
		{81E6DF9C-9944-4868-892A-F523E6E91232}.DebugGame|HTML5.Build.0 = BuiltWithUnrealBuildTool|Win32
		{81E6DF9C-9944-4868-892A-F523E6E91232}.DebugGame|IOS.ActiveCfg = BuiltWithUnrealBuildTool|Win32
		{81E6DF9C-9944-4868-892A-F523E6E91232}.DebugGame|IOS.Build.0 = BuiltWithUnrealBuildTool|Win32
		{81E6DF9C-9944-4868-892A-F523E6E91232}.DebugGame|Win32.ActiveCfg = BuiltWithUnrealBuildTool|Win32
		{81E6DF9C-9944-4868-892A-F523E6E91232}.DebugGame|Win32.Build.0 = BuiltWithUnrealBuildTool|Win32
		{81E6DF9C-9944-4868-892A-F523E6E91232}.DebugGame|Win64.ActiveCfg = BuiltWithUnrealBuildTool|Win32
		{81E6DF9C-9944-4868-892A-F523E6E91232}.DebugGame|Win64.Build.0 = BuiltWithUnrealBuildTool|Win32
		{81E6DF9C-9944-4868-892A-F523E6E91232}.Development Editor|HTML5.ActiveCfg = BuiltWithUnrealBuildTool|Win32
		{81E6DF9C-9944-4868-892A-F523E6E91232}.Development Editor|HTML5.Build.0 = BuiltWithUnrealBuildTool|Win32
		{81E6DF9C-9944-4868-892A-F523E6E91232}.Development Editor|IOS.ActiveCfg = BuiltWithUnrealBuildTool|Win32
		{81E6DF9C-9944-4868-892A-F523E6E91232}.Development Editor|IOS.Build.0 = BuiltWithUnrealBuildTool|Win32
		{81E6DF9C-9944-4868-892A-F523E6E91232}.Development Editor|Win32.ActiveCfg = BuiltWithUnrealBuildTool|Win32
		{81E6DF9C-9944-4868-892A-F523E6E91232}.Development Editor|Win32.Build.0 = BuiltWithUnrealBuildTool|Win32
		{81E6DF9C-9944-4868-892A-F523E6E91232}.Development Editor|Win64.ActiveCfg = BuiltWithUnrealBuildTool|Win32
		{81E6DF9C-9944-4868-892A-F523E6E91232}.Development Editor|Win64.Build.0 = BuiltWithUnrealBuildTool|Win32
		{81E6DF9C-9944-4868-892A-F523E6E91232}.Development|HTML5.ActiveCfg = BuiltWithUnrealBuildTool|Win32
		{81E6DF9C-9944-4868-892A-F523E6E91232}.Development|HTML5.Build.0 = BuiltWithUnrealBuildTool|Win32
		{81E6DF9C-9944-4868-892A-F523E6E91232}.Development|IOS.ActiveCfg = BuiltWithUnrealBuildTool|Win32
		{81E6DF9C-9944-4868-892A-F523E6E91232}.Development|IOS.Build.0 = BuiltWithUnrealBuildTool|Win32
		{81E6DF9C-9944-4868-892A-F523E6E91232}.Development|Win32.ActiveCfg = BuiltWithUnrealBuildTool|Win32
		{81E6DF9C-9944-4868-892A-F523E6E91232}.Development|Win32.Build.0 = BuiltWithUnrealBuildTool|Win32
		{81E6DF9C-9944-4868-892A-F523E6E91232}.Development|Win64.ActiveCfg = BuiltWithUnrealBuildTool|Win32
		{81E6DF9C-9944-4868-892A-F523E6E91232}.Development|Win64.Build.0 = BuiltWithUnrealBuildTool|Win32
		{81E6DF9C-9944-4868-892A-F523E6E91232}.Shipping|HTML5.ActiveCfg = BuiltWithUnrealBuildTool|Win32
		{81E6DF9C-9944-4868-892A-F523E6E91232}.Shipping|HTML5.Build.0 = BuiltWithUnrealBuildTool|Win32
		{81E6DF9C-9944-4868-892A-F523E6E91232}.Shipping|IOS.ActiveCfg = BuiltWithUnrealBuildTool|Win32
		{81E6DF9C-9944-4868-892A-F523E6E91232}.Shipping|IOS.Build.0 = BuiltWithUnrealBuildTool|Win32
		{81E6DF9C-9944-4868-892A-F523E6E91232}.Shipping|Win32.ActiveCfg = BuiltWithUnrealBuildTool|Win32
		{81E6DF9C-9944-4868-892A-F523E6E91232}.Shipping|Win32.Build.0 = BuiltWithUnrealBuildTool|Win32
		{81E6DF9C-9944-4868-892A-F523E6E91232}.Shipping|Win64.ActiveCfg = BuiltWithUnrealBuildTool|Win32
		{81E6DF9C-9944-4868-892A-F523E6E91232}.Shipping|Win64.Build.0 = BuiltWithUnrealBuildTool|Win32
		{5E43F492-0A7D-456A-B4B9-0DB2E3F160D3}.DebugGame Editor|HTML5.ActiveCfg = HTML5_DebugGame_Editor|Win32
		{5E43F492-0A7D-456A-B4B9-0DB2E3F160D3}.DebugGame Editor|IOS.ActiveCfg = IOS_DebugGame_Editor|Win32
		{5E43F492-0A7D-456A-B4B9-0DB2E3F160D3}.DebugGame Editor|Win32.ActiveCfg = DebugGame_Editor|Win32
		{5E43F492-0A7D-456A-B4B9-0DB2E3F160D3}.DebugGame Editor|Win64.ActiveCfg = DebugGame_Editor|x64
		{5E43F492-0A7D-456A-B4B9-0DB2E3F160D3}.DebugGame Editor|Win64.Build.0 = DebugGame_Editor|x64
		{5E43F492-0A7D-456A-B4B9-0DB2E3F160D3}.DebugGame|HTML5.ActiveCfg = HTML5_DebugGame_Game|Win32
		{5E43F492-0A7D-456A-B4B9-0DB2E3F160D3}.DebugGame|HTML5.Build.0 = HTML5_DebugGame_Game|Win32
		{5E43F492-0A7D-456A-B4B9-0DB2E3F160D3}.DebugGame|IOS.ActiveCfg = IOS_DebugGame_Game|Win32
		{5E43F492-0A7D-456A-B4B9-0DB2E3F160D3}.DebugGame|IOS.Build.0 = IOS_DebugGame_Game|Win32
		{5E43F492-0A7D-456A-B4B9-0DB2E3F160D3}.DebugGame|Win32.ActiveCfg = DebugGame_Game|Win32
		{5E43F492-0A7D-456A-B4B9-0DB2E3F160D3}.DebugGame|Win32.Build.0 = DebugGame_Game|Win32
		{5E43F492-0A7D-456A-B4B9-0DB2E3F160D3}.DebugGame|Win64.ActiveCfg = DebugGame_Game|x64
		{5E43F492-0A7D-456A-B4B9-0DB2E3F160D3}.DebugGame|Win64.Build.0 = DebugGame_Game|x64
		{5E43F492-0A7D-456A-B4B9-0DB2E3F160D3}.Development Editor|HTML5.ActiveCfg = HTML5_Development_Editor|Win32
		{5E43F492-0A7D-456A-B4B9-0DB2E3F160D3}.Development Editor|IOS.ActiveCfg = IOS_Development_Editor|Win32
		{5E43F492-0A7D-456A-B4B9-0DB2E3F160D3}.Development Editor|Win32.ActiveCfg = Development_Editor|Win32
		{5E43F492-0A7D-456A-B4B9-0DB2E3F160D3}.Development Editor|Win64.ActiveCfg = Development_Editor|x64
		{5E43F492-0A7D-456A-B4B9-0DB2E3F160D3}.Development Editor|Win64.Build.0 = Development_Editor|x64
		{5E43F492-0A7D-456A-B4B9-0DB2E3F160D3}.Development|HTML5.ActiveCfg = HTML5_Development_Game|Win32
		{5E43F492-0A7D-456A-B4B9-0DB2E3F160D3}.Development|HTML5.Build.0 = HTML5_Development_Game|Win32
		{5E43F492-0A7D-456A-B4B9-0DB2E3F160D3}.Development|IOS.ActiveCfg = IOS_Development_Game|Win32
		{5E43F492-0A7D-456A-B4B9-0DB2E3F160D3}.Development|IOS.Build.0 = IOS_Development_Game|Win32
		{5E43F492-0A7D-456A-B4B9-0DB2E3F160D3}.Development|Win32.ActiveCfg = Development_Game|Win32
		{5E43F492-0A7D-456A-B4B9-0DB2E3F160D3}.Development|Win32.Build.0 = Development_Game|Win32
		{5E43F492-0A7D-456A-B4B9-0DB2E3F160D3}.Development|Win64.ActiveCfg = Development_Game|x64
		{5E43F492-0A7D-456A-B4B9-0DB2E3F160D3}.Development|Win64.Build.0 = Development_Game|x64
		{5E43F492-0A7D-456A-B4B9-0DB2E3F160D3}.Shipping|HTML5.ActiveCfg = HTML5_Shipping_Game|Win32
		{5E43F492-0A7D-456A-B4B9-0DB2E3F160D3}.Shipping|HTML5.Build.0 = HTML5_Shipping_Game|Win32
		{5E43F492-0A7D-456A-B4B9-0DB2E3F160D3}.Shipping|IOS.ActiveCfg = IOS_Shipping_Game|Win32
		{5E43F492-0A7D-456A-B4B9-0DB2E3F160D3}.Shipping|IOS.Build.0 = IOS_Shipping_Game|Win32
		{5E43F492-0A7D-456A-B4B9-0DB2E3F160D3}.Shipping|Win32.ActiveCfg = Shipping_Game|Win32
		{5E43F492-0A7D-456A-B4B9-0DB2E3F160D3}.Shipping|Win32.Build.0 = Shipping_Game|Win32
		{5E43F492-0A7D-456A-B4B9-0DB2E3F160D3}.Shipping|Win64.ActiveCfg = Shipping_Game|x64
		{5E43F492-0A7D-456A-B4B9-0DB2E3F160D3}.Shipping|Win64.Build.0 = Shipping_Game|x64
	EndGlobalSection
	GlobalSection(SolutionProperties) = preSolution
		HideSolutionNode = FALSE
	EndGlobalSection
	GlobalSection(NestedProjects) = preSolution
		{81E6DF9C-9944-4868-892A-F523E6E91232} = {196F3883-09A8-4188-8569-7CA60CBBB133}
		{5E43F492-0A7D-456A-B4B9-0DB2E3F160D3} = {0A6EFF61-6FAC-4DC7-8E1B-5282E14CC71E}
	EndGlobalSection
	GlobalSection(ExtensibilityGlobals) = postSolution
		SolutionGuid = {EEBCE82D-ECD1-46EF-A79C-5F5BFD95CCCA}
	EndGlobalSection
EndGlobal
